github.com/Sped0n/gallerydeluxe v0.0.2 h1:gUD4ht9n6Z1Dzf4xj8DRwd5gasZJtiCsUUax24Li6C4=
github.com/Sped0n/gallerydeluxe v0.0.2/go.mod h1:cbp1eOWjl6rFAy6GpWE31ln9wmIBeK9semtqHyiEeDM=
github.com/Sped0n/gallerydeluxe v0.0.6 h1:9Gp0KigKnaRTcPZNgExTZZEYx1UZ+cQI7s8M56AZ764=
github.com/Sped0n/gallerydeluxe v0.0.6/go.mod h1:cbp1eOWjl6rFAy6GpWE31ln9wmIBeK9semtqHyiEeDM=
github.com/Sped0n/gallerydeluxe v0.0.7 h1:1SzJySc8nu/AjBtleRea9YO3dozd/3CYziKQVoh02N4=
github.com/Sped0n/gallerydeluxe v0.0.7/go.mod h1:cbp1eOWjl6rFAy6GpWE31ln9wmIBeK9semtqHyiEeDM=
github.com/Sped0n/gallerydeluxe v0.0.8 h1:emhk82RHFlLWTFpNHrGpdvrLYBguPcsBDZHejiJUmHI=
github.com/Sped0n/gallerydeluxe v0.0.8/go.mod h1:cbp1eOWjl6rFAy6GpWE31ln9wmIBeK9semtqHyiEeDM=
